# This file is generated by running "yarn install" inside your project.
# Manual changes might be lost - proceed with caution!

__metadata:
  version: 8
  cacheKey: 10c0

"@socket.io/component-emitter@npm:~3.1.0":
  version: 3.1.2
  resolution: "@socket.io/component-emitter@npm:3.1.2"
  checksum: 10c0/c4242bad66f67e6f7b712733d25b43cbb9e19a595c8701c3ad99cbeb5901555f78b095e24852f862fffb43e96f1d8552e62def885ca82ae1bb05da3668fd87d7
  languageName: node
  linkType: hard

"@types/cors@npm:^2.8.12":
  version: 2.8.19
  resolution: "@types/cors@npm:2.8.19"
  dependencies:
    "@types/node": "npm:*"
  checksum: 10c0/b5dd407040db7d8aa1bd36e79e5f3f32292f6b075abc287529e9f48df1a25fda3e3799ba30b4656667ffb931d3b75690c1d6ca71e39f7337ea6dfda8581916d0
  languageName: node
  linkType: hard

"@types/node@npm:*, @types/node@npm:>=10.0.0":
  version: 25.1.0
  resolution: "@types/node@npm:25.1.0"
  dependencies:
    undici-types: "npm:~7.16.0"
  checksum: 10c0/5f393a127dc9565e2e152514a271455d580c7095afc51302e73ffe8aac3526b64ebacc3c10dd40c93cef81a95436ef2c6a8b522930df567a3f6b189c0eef649a
  languageName: node
  linkType: hard

"accepts@npm:~1.3.4":
  version: 1.3.8
  resolution: "accepts@npm:1.3.8"
  dependencies:
    mime-types: "npm:~2.1.34"
    negotiator: "npm:0.6.3"
  checksum: 10c0/3a35c5f5586cfb9a21163ca47a5f77ac34fa8ceb5d17d2fa2c0d81f41cbd7f8c6fa52c77e2c039acc0f4d09e71abdc51144246900f6bef5e3c4b333f77d89362
  languageName: node
  linkType: hard

"ansi-styles@npm:^4.1.0":
  version: 4.3.0
  resolution: "ansi-styles@npm:4.3.0"
  dependencies:
    color-convert: "npm:^2.0.1"
  checksum: 10c0/895a23929da416f2bd3de7e9cb4eabd340949328ab85ddd6e484a637d8f6820d485f53933446f5291c3b760cbc488beb8e88573dd0f9c7daf83dccc8fe81b041
  languageName: node
  linkType: hard

"async@npm:2.1 - 2.6.4":
  version: 2.6.4
  resolution: "async@npm:2.6.4"
  dependencies:
    lodash: "npm:^4.17.14"
  checksum: 10c0/0ebb3273ef96513389520adc88e0d3c45e523d03653cc9b66f5c46f4239444294899bfd13d2b569e7dbfde7da2235c35cf5fd3ece9524f935d41bbe4efccdad0
  languageName: node
  linkType: hard

"balanced-match@npm:^1.0.0":
  version: 1.0.2
  resolution: "balanced-match@npm:1.0.2"
  checksum: 10c0/9308baf0a7e4838a82bbfd11e01b1cb0f0cf2893bc1676c27c2a8c0e70cbae1c59120c3268517a8ae7fb6376b4639ef81ca22582611dbee4ed28df945134aaee
  languageName: node
  linkType: hard

"base64id@npm:2.0.0, base64id@npm:~2.0.0":
  version: 2.0.0
  resolution: "base64id@npm:2.0.0"
  checksum: 10c0/6919efd237ed44b9988cbfc33eca6f173a10e810ce50292b271a1a421aac7748ef232a64d1e6032b08f19aae48dce6ee8f66c5ae2c9e5066c82b884861d4d453
  languageName: node
  linkType: hard

"brace-expansion@npm:^1.1.7":
  version: 1.1.12
  resolution: "brace-expansion@npm:1.1.12"
  dependencies:
    balanced-match: "npm:^1.0.0"
    concat-map: "npm:0.0.1"
  checksum: 10c0/975fecac2bb7758c062c20d0b3b6288c7cc895219ee25f0a64a9de662dbac981ff0b6e89909c3897c1f84fa353113a721923afdec5f8b2350255b097f12b1f73
  languageName: node
  linkType: hard

"buffer-crc32@npm:~0.2.3":
  version: 0.2.13
  resolution: "buffer-crc32@npm:0.2.13"
  checksum: 10c0/cb0a8ddf5cf4f766466db63279e47761eb825693eeba6a5a95ee4ec8cb8f81ede70aa7f9d8aeec083e781d47154290eb5d4d26b3f7a465ec57fb9e7d59c47150
  languageName: node
  linkType: hard

"chalk@npm:4.1 - 4.1.2":
  version: 4.1.2
  resolution: "chalk@npm:4.1.2"
  dependencies:
    ansi-styles: "npm:^4.1.0"
    supports-color: "npm:^7.1.0"
  checksum: 10c0/4a3fef5cc34975c898ffe77141450f679721df9dde00f6c304353fa9c8b571929123b26a0e4617bde5018977eb655b31970c297b91b63ee83bb82aeb04666880
  languageName: node
  linkType: hard

"color-convert@npm:^2.0.1":
  version: 2.0.1
  resolution: "color-convert@npm:2.0.1"
  dependencies:
    color-name: "npm:~1.1.4"
  checksum: 10c0/37e1150172f2e311fe1b2df62c6293a342ee7380da7b9cfdba67ea539909afbd74da27033208d01d6d5cfc65ee7868a22e18d7e7648e004425441c0f8a15a7d7
  languageName: node
  linkType: hard

"color-name@npm:~1.1.4":
  version: 1.1.4
  resolution: "color-name@npm:1.1.4"
  checksum: 10c0/a1a3f914156960902f46f7f56bc62effc6c94e84b2cae157a526b1c1f74b677a47ec602bf68a61abfa2b42d15b7c5651c6dbe72a43af720bc588dff885b10f95
  languageName: node
  linkType: hard

"colors@npm:>=0.6.0":
  version: 1.4.0
  resolution: "colors@npm:1.4.0"
  checksum: 10c0/9af357c019da3c5a098a301cf64e3799d27549d8f185d86f79af23069e4f4303110d115da98483519331f6fb71c8568d5688fa1c6523600044fd4a54e97c4efb
  languageName: node
  linkType: hard

"concat-map@npm:0.0.1":
  version: 0.0.1
  resolution: "concat-map@npm:0.0.1"
  checksum: 10c0/c996b1cfdf95b6c90fee4dae37e332c8b6eb7d106430c17d538034c0ad9a1630cb194d2ab37293b1bdd4d779494beee7786d586a50bd9376fd6f7bcc2bd4c98f
  languageName: node
  linkType: hard

"cookie@npm:~0.7.2":
  version: 0.7.2
  resolution: "cookie@npm:0.7.2"
  checksum: 10c0/9596e8ccdbf1a3a88ae02cf5ee80c1c50959423e1022e4e60b91dd87c622af1da309253d8abdb258fb5e3eacb4f08e579dc58b4897b8087574eee0fd35dfa5d2
  languageName: node
  linkType: hard

"cors@npm:~2.8.5":
  version: 2.8.6
  resolution: "cors@npm:2.8.6"
  dependencies:
    object-assign: "npm:^4"
    vary: "npm:^1"
  checksum: 10c0/ab2bc57b8af8ef8476682a59647f7c55c1a7d406b559ac06119aa1c5f70b96d35036864d197b24cf86e228e4547231088f1f94ca05061dbb14d89cc0bc9d4cab
  languageName: node
  linkType: hard

"debug@npm:~4.4.1":
  version: 4.4.3
  resolution: "debug@npm:4.4.3"
  dependencies:
    ms: "npm:^2.1.3"
  peerDependenciesMeta:
    supports-color:
      optional: true
  checksum: 10c0/d79136ec6c83ecbefd0f6a5593da6a9c91ec4d7ddc4b54c883d6e71ec9accb5f67a1a5e96d00a328196b5b5c86d365e98d8a3a70856aaf16b4e7b1985e67f5a6
  languageName: node
  linkType: hard

"engine.io-parser@npm:~5.2.1":
  version: 5.2.3
  resolution: "engine.io-parser@npm:5.2.3"
  checksum: 10c0/ed4900d8dbef470ab3839ccf3bfa79ee518ea8277c7f1f2759e8c22a48f64e687ea5e474291394d0c94f84054749fd93f3ef0acb51fa2f5f234cc9d9d8e7c536
  languageName: node
  linkType: hard

"engine.io@npm:~6.6.0":
  version: 6.6.5
  resolution: "engine.io@npm:6.6.5"
  dependencies:
    "@types/cors": "npm:^2.8.12"
    "@types/node": "npm:>=10.0.0"
    accepts: "npm:~1.3.4"
    base64id: "npm:2.0.0"
    cookie: "npm:~0.7.2"
    cors: "npm:~2.8.5"
    debug: "npm:~4.4.1"
    engine.io-parser: "npm:~5.2.1"
    ws: "npm:~8.18.3"
  checksum: 10c0/0934970af5b31e144c33d9da6523542fac0eabbb36e9528dc6bbf5831df55752df2c50b047d7fd3b24f66d82896867215b05dae1043ed756e55a6d18108023ad
  languageName: node
  linkType: hard

"fd-slicer@npm:~1.1.0":
  version: 1.1.0
  resolution: "fd-slicer@npm:1.1.0"
  dependencies:
    pend: "npm:~1.2.0"
  checksum: 10c0/304dd70270298e3ffe3bcc05e6f7ade2511acc278bc52d025f8918b48b6aa3b77f10361bddfadfe2a28163f7af7adbdce96f4d22c31b2f648ba2901f0c5fc20e
  languageName: node
  linkType: hard

"fs.realpath@npm:^1.0.0":
  version: 1.0.0
  resolution: "fs.realpath@npm:1.0.0"
  checksum: 10c0/444cf1291d997165dfd4c0d58b69f0e4782bfd9149fd72faa4fe299e68e0e93d6db941660b37dd29153bf7186672ececa3b50b7e7249477b03fdf850f287c948
  languageName: node
  linkType: hard

"geoip-lite@npm:1.4.10":
  version: 1.4.10
  resolution: "geoip-lite@npm:1.4.10"
  dependencies:
    async: "npm:2.1 - 2.6.4"
    chalk: "npm:4.1 - 4.1.2"
    iconv-lite: "npm:0.4.13 - 0.6.3"
    ip-address: "npm:5.8.9 - 5.9.4"
    lazy: "npm:1.0.11"
    rimraf: "npm:2.5.2 - 2.7.1"
    yauzl: "npm:2.9.2 - 2.10.0"
  checksum: 10c0/85f8e32cd1d38c7d509384dce596035e4d36f649a16c54f4c7d897a49b37428ea5947304bcd6d001e64a3325bd590f1d046388ae6f4e4b18d6390dbff91bf12a
  languageName: node
  linkType: hard

"glob@npm:^7.1.3":
  version: 7.2.3
  resolution: "glob@npm:7.2.3"
  dependencies:
    fs.realpath: "npm:^1.0.0"
    inflight: "npm:^1.0.4"
    inherits: "npm:2"
    minimatch: "npm:^3.1.1"
    once: "npm:^1.3.0"
    path-is-absolute: "npm:^1.0.0"
  checksum: 10c0/65676153e2b0c9095100fe7f25a778bf45608eeb32c6048cf307f579649bcc30353277b3b898a3792602c65764e5baa4f643714dfbdfd64ea271d210c7a425fe
  languageName: node
  linkType: hard

"has-flag@npm:^4.0.0":
  version: 4.0.0
  resolution: "has-flag@npm:4.0.0"
  checksum: 10c0/2e789c61b7888d66993e14e8331449e525ef42aac53c627cc53d1c3334e768bcb6abdc4f5f0de1478a25beec6f0bd62c7549058b7ac53e924040d4f301f02fd1
  languageName: node
  linkType: hard

"hummingbird@workspace:.":
  version: 0.0.0-use.local
  resolution: "hummingbird@workspace:."
  dependencies:
    geoip-lite: "npm:1.4.10"
    node-static: "npm:0.7.11"
    socket.io: "npm:4.8.3"
  languageName: unknown
  linkType: soft

"iconv-lite@npm:0.4.13 - 0.6.3":
  version: 0.6.3
  resolution: "iconv-lite@npm:0.6.3"
  dependencies:
    safer-buffer: "npm:>= 2.1.2 < 3.0.0"
  checksum: 10c0/98102bc66b33fcf5ac044099d1257ba0b7ad5e3ccd3221f34dd508ab4070edff183276221684e1e0555b145fce0850c9f7d2b60a9fcac50fbb4ea0d6e845a3b1
  languageName: node
  linkType: hard

"inflight@npm:^1.0.4":
  version: 1.0.6
  resolution: "inflight@npm:1.0.6"
  dependencies:
    once: "npm:^1.3.0"
    wrappy: "npm:1"
  checksum: 10c0/7faca22584600a9dc5b9fca2cd5feb7135ac8c935449837b315676b4c90aa4f391ec4f42240178244b5a34e8bede1948627fda392ca3191522fc46b34e985ab2
  languageName: node
  linkType: hard

"inherits@npm:2":
  version: 2.0.4
  resolution: "inherits@npm:2.0.4"
  checksum: 10c0/4e531f648b29039fb7426fb94075e6545faa1eb9fe83c29f0b6d9e7263aceb4289d2d4557db0d428188eeb449cc7c5e77b0a0b2c4e248ff2a65933a0dee49ef2
  languageName: node
  linkType: hard

"ip-address@npm:5.8.9 - 5.9.4":
  version: 5.9.4
  resolution: "ip-address@npm:5.9.4"
  dependencies:
    jsbn: "npm:1.1.0"
    lodash: "npm:^4.17.15"
    sprintf-js: "npm:1.1.2"
  checksum: 10c0/3f5fc3d709197db4bbfba5c835bc74f91e3ebc951fb6a7271ac1f2e6c350d345834cc7b15d9a4c36469d40cd29a00b74ac96cceafc8c8cf2e85e0deb8d1f7e56
  languageName: node
  linkType: hard

"jsbn@npm:1.1.0":
  version: 1.1.0
  resolution: "jsbn@npm:1.1.0"
  checksum: 10c0/4f907fb78d7b712e11dea8c165fe0921f81a657d3443dde75359ed52eb2b5d33ce6773d97985a089f09a65edd80b11cb75c767b57ba47391fee4c969f7215c96
  languageName: node
  linkType: hard

"lazy@npm:1.0.11":
  version: 1.0.11
  resolution: "lazy@npm:1.0.11"
  checksum: 10c0/9adcf3fc0071e89da712177a29988b830ac05ac857690d7616f319a970704b38269f67cfedb07e22fe5f0b544b37ab62721df828fd085bc052404dde7fbbec75
  languageName: node
  linkType: hard

"lodash@npm:^4.17.14, lodash@npm:^4.17.15":
  version: 4.17.23
  resolution: "lodash@npm:4.17.23"
  checksum: 10c0/1264a90469f5bb95d4739c43eb6277d15b6d9e186df4ac68c3620443160fc669e2f14c11e7d8b2ccf078b81d06147c01a8ccced9aab9f9f63d50dcf8cace6bf6
  languageName: node
  linkType: hard

"mime-db@npm:1.52.0":
  version: 1.52.0
  resolution: "mime-db@npm:1.52.0"
  checksum: 10c0/0557a01deebf45ac5f5777fe7740b2a5c309c6d62d40ceab4e23da9f821899ce7a900b7ac8157d4548ddbb7beffe9abc621250e6d182b0397ec7f10c7b91a5aa
  languageName: node
  linkType: hard

"mime-types@npm:~2.1.34":
  version: 2.1.35
  resolution: "mime-types@npm:2.1.35"
  dependencies:
    mime-db: "npm:1.52.0"
  checksum: 10c0/82fb07ec56d8ff1fc999a84f2f217aa46cb6ed1033fefaabd5785b9a974ed225c90dc72fff460259e66b95b73648596dbcc50d51ed69cdf464af2d237d3149b2
  languageName: node
  linkType: hard

"mime@npm:^1.2.9":
  version: 1.6.0
  resolution: "mime@npm:1.6.0"
  bin:
    mime: cli.js
  checksum: 10c0/b92cd0adc44888c7135a185bfd0dddc42c32606401c72896a842ae15da71eb88858f17669af41e498b463cd7eb998f7b48939a25b08374c7924a9c8a6f8a81b0
  languageName: node
  linkType: hard

"minimatch@npm:^3.1.1":
  version: 3.1.2
  resolution: "minimatch@npm:3.1.2"
  dependencies:
    brace-expansion: "npm:^1.1.7"
  checksum: 10c0/0262810a8fc2e72cca45d6fd86bd349eee435eb95ac6aa45c9ea2180e7ee875ef44c32b55b5973ceabe95ea12682f6e3725cbb63d7a2d1da3ae1163c8b210311
  languageName: node
  linkType: hard

"minimist@npm:~0.0.1":
  version: 0.0.10
  resolution: "minimist@npm:0.0.10"
  checksum: 10c0/c505a020144b6e49f2b1c7d1e378f3692b7102e989b4a49338fc171eb4229ddddb430e779ff803dcb11854050e3fe3c2298962a7d73c20df7c2044c92b2ba1da
  languageName: node
  linkType: hard

"ms@npm:^2.1.3":
  version: 2.1.3
  resolution: "ms@npm:2.1.3"
  checksum: 10c0/d924b57e7312b3b63ad21fc5b3dc0af5e78d61a1fc7cfb5457edaf26326bf62be5307cc87ffb6862ef1c2b33b0233cdb5d4f01c4c958cc0d660948b65a287a48
  languageName: node
  linkType: hard

"negotiator@npm:0.6.3":
  version: 0.6.3
  resolution: "negotiator@npm:0.6.3"
  checksum: 10c0/3ec9fd413e7bf071c937ae60d572bc67155262068ed522cf4b3be5edbe6ddf67d095ec03a3a14ebf8fc8e95f8e1d61be4869db0dbb0de696f6b837358bd43fc2
  languageName: node
  linkType: hard

"node-static@npm:0.7.11":
  version: 0.7.11
  resolution: "node-static@npm:0.7.11"
  dependencies:
    colors: "npm:>=0.6.0"
    mime: "npm:^1.2.9"
    optimist: "npm:>=0.3.4"
  bin:
    static: bin/cli.js
  checksum: 10c0/cb3227c17f32d69f5c2377ba5851677b321b0ab354ab58b678d5b784f7fb8c44665aa39f6f69b293005e9d124a0fd68a171206142c320947137fb8823f4041d9
  languageName: node
  linkType: hard

"object-assign@npm:^4":
  version: 4.1.1
  resolution: "object-assign@npm:4.1.1"
  checksum: 10c0/1f4df9945120325d041ccf7b86f31e8bcc14e73d29171e37a7903050e96b81323784ec59f93f102ec635bcf6fa8034ba3ea0a8c7e69fa202b87ae3b6cec5a414
  languageName: node
  linkType: hard

"once@npm:^1.3.0":
  version: 1.4.0
  resolution: "once@npm:1.4.0"
  dependencies:
    wrappy: "npm:1"
  checksum: 10c0/5d48aca287dfefabd756621c5dfce5c91a549a93e9fdb7b8246bc4c4790aa2ec17b34a260530474635147aeb631a2dcc8b32c613df0675f96041cbb8244517d0
  languageName: node
  linkType: hard

"optimist@npm:>=0.3.4":
  version: 0.6.1
  resolution: "optimist@npm:0.6.1"
  dependencies:
    minimist: "npm:~0.0.1"
    wordwrap: "npm:~0.0.2"
  checksum: 10c0/8cb417328121e732dbfb4d94d53bb39b1406446b55323ed4ce787decc52394927e051ba879eb3ffa3171fe22a35ce13b460114b60effcead77443ee87c2f9b0f
  languageName: node
  linkType: hard

"path-is-absolute@npm:^1.0.0":
  version: 1.0.1
  resolution: "path-is-absolute@npm:1.0.1"
  checksum: 10c0/127da03c82172a2a50099cddbf02510c1791fc2cc5f7713ddb613a56838db1e8168b121a920079d052e0936c23005562059756d653b7c544c53185efe53be078
  languageName: node
  linkType: hard

"pend@npm:~1.2.0":
  version: 1.2.0
  resolution: "pend@npm:1.2.0"
  checksum: 10c0/8a87e63f7a4afcfb0f9f77b39bb92374afc723418b9cb716ee4257689224171002e07768eeade4ecd0e86f1fa3d8f022994219fb45634f2dbd78c6803e452458
  languageName: node
  linkType: hard

"rimraf@npm:2.5.2 - 2.7.1":
  version: 2.7.1
  resolution: "rimraf@npm:2.7.1"
  dependencies:
    glob: "npm:^7.1.3"
  bin:
    rimraf: ./bin.js
  checksum: 10c0/4eef73d406c6940927479a3a9dee551e14a54faf54b31ef861250ac815172bade86cc6f7d64a4dc5e98b65e4b18a2e1c9ff3b68d296be0c748413f092bb0dd40
  languageName: node
  linkType: hard

"safer-buffer@npm:>= 2.1.2 < 3.0.0":
  version: 2.1.2
  resolution: "safer-buffer@npm:2.1.2"
  checksum: 10c0/7e3c8b2e88a1841c9671094bbaeebd94448111dd90a81a1f606f3f67708a6ec57763b3b47f06da09fc6054193e0e6709e77325415dc8422b04497a8070fa02d4
  languageName: node
  linkType: hard

"socket.io-adapter@npm:~2.5.2":
  version: 2.5.6
  resolution: "socket.io-adapter@npm:2.5.6"
  dependencies:
    debug: "npm:~4.4.1"
    ws: "npm:~8.18.3"
  checksum: 10c0/2af9827c3e8e2a445d7d1523f7ad4fcc37009da44f72042e8a9af27e4caf29fe0a34de6771a6e9971a0ff8d527631fe25b80230ff6c42c045e2913f0ac308059
  languageName: node
  linkType: hard

"socket.io-parser@npm:~4.2.4":
  version: 4.2.5
  resolution: "socket.io-parser@npm:4.2.5"
  dependencies:
    "@socket.io/component-emitter": "npm:~3.1.0"
    debug: "npm:~4.4.1"
  checksum: 10c0/fce2b7a76eed9babc7b4156e82e5cd478b0bc5eb877d52ae48aa0d90fe2d11be5a9e576fbc8bdbf3dd656863965ad133ba6c7d45172a1e020270e7c7891c1b35
  languageName: node
  linkType: hard

"socket.io@npm:4.8.3":
  version: 4.8.3
  resolution: "socket.io@npm:4.8.3"
  dependencies:
    accepts: "npm:~1.3.4"
    base64id: "npm:~2.0.0"
    cors: "npm:~2.8.5"
    debug: "npm:~4.4.1"
    engine.io: "npm:~6.6.0"
    socket.io-adapter: "npm:~2.5.2"
    socket.io-parser: "npm:~4.2.4"
  checksum: 10c0/1f7c4118cdbcb346e63db9d8fd657c3dc5caf148404762ed98ac14c4e7b74984a65fe51657bfe1696adcf7c168d1a3aad4a26b52864ce8491556f38218598f0b
  languageName: node
  linkType: hard

"sprintf-js@npm:1.1.2":
  version: 1.1.2
  resolution: "sprintf-js@npm:1.1.2"
  checksum: 10c0/6cc8382f746348bd64b31bc5c99d8ebda7efff716025c41bf501e0e8be4f6744a9fa507e18513554753553d0bcb57fd5fc8dc8c42f94f8008127a52a2c544d21
  languageName: node
  linkType: hard

"supports-color@npm:^7.1.0":
  version: 7.2.0
  resolution: "supports-color@npm:7.2.0"
  dependencies:
    has-flag: "npm:^4.0.0"
  checksum: 10c0/afb4c88521b8b136b5f5f95160c98dee7243dc79d5432db7efc27efb219385bbc7d9427398e43dd6cc730a0f87d5085ce1652af7efbe391327bc0a7d0f7fc124
  languageName: node
  linkType: hard

"undici-types@npm:~7.16.0":
  version: 7.16.0
  resolution: "undici-types@npm:7.16.0"
  checksum: 10c0/3033e2f2b5c9f1504bdc5934646cb54e37ecaca0f9249c983f7b1fc2e87c6d18399ebb05dc7fd5419e02b2e915f734d872a65da2e3eeed1813951c427d33cc9a
  languageName: node
  linkType: hard

"vary@npm:^1":
  version: 1.1.2
  resolution: "vary@npm:1.1.2"
  checksum: 10c0/f15d588d79f3675135ba783c91a4083dcd290a2a5be9fcb6514220a1634e23df116847b1cc51f66bfb0644cf9353b2abb7815ae499bab06e46dd33c1a6bf1f4f
  languageName: node
  linkType: hard

"wordwrap@npm:~0.0.2":
  version: 0.0.3
  resolution: "wordwrap@npm:0.0.3"
  checksum: 10c0/b3b212f8b2167091f59bc60929ada2166eb157abb6c8c82e2a705fe5aa5876440c3966ab39eb6c7bcb2ff0ac0c8d9fba726a9c2057b83bd65cdc1858f9d816ce
  languageName: node
  linkType: hard

"wrappy@npm:1":
  version: 1.0.2
  resolution: "wrappy@npm:1.0.2"
  checksum: 10c0/56fece1a4018c6a6c8e28fbc88c87e0fbf4ea8fd64fc6c63b18f4acc4bd13e0ad2515189786dd2c30d3eec9663d70f4ecf699330002f8ccb547e4a18231fc9f0
  languageName: node
  linkType: hard

"ws@npm:~8.18.3":
  version: 8.18.3
  resolution: "ws@npm:8.18.3"
  peerDependencies:
    bufferutil: ^4.0.1
    utf-8-validate: ">=5.0.2"
  peerDependenciesMeta:
    bufferutil:
      optional: true
    utf-8-validate:
      optional: true
  checksum: 10c0/eac918213de265ef7cb3d4ca348b891a51a520d839aa51cdb8ca93d4fa7ff9f6ccb339ccee89e4075324097f0a55157c89fa3f7147bde9d8d7e90335dc087b53
  languageName: node
  linkType: hard

"yauzl@npm:2.9.2 - 2.10.0":
  version: 2.10.0
  resolution: "yauzl@npm:2.10.0"
  dependencies:
    buffer-crc32: "npm:~0.2.3"
    fd-slicer: "npm:~1.1.0"
  checksum: 10c0/f265002af7541b9ec3589a27f5fb8f11cf348b53cc15e2751272e3c062cd73f3e715bc72d43257de71bbaecae446c3f1b14af7559e8ab0261625375541816422
  languageName: node
  linkType: hard
